schema: '2.0'
stages:
  prepare_data:
    cmd: PYTHONPATH=. uv run python src/data/make_dataset.py
    deps:
    - path: conf/config.yaml
      hash: md5
      md5: 3832a4efd6ca981da24f0722fb3faaff
      size: 1103
    - path: data/raw/WineQT.csv
      hash: md5
      md5: e2e57e4c41e6ee0213fb12e5a70f4bfb
      size: 78057
    - path: src/data/make_dataset.py
      hash: md5
      md5: 5dd4fd986a719d77ba9065258f8ed09b
      size: 5001
    params:
      conf/config.yaml:
        data:
          feature_scaling: true
        paths.processed_data: data/processed/wine_processed.csv
        paths.raw_data: data/raw/WineQT.csv
    outs:
    - path: data/processed/wine_processed.csv
      hash: md5
      md5: be51dff919d2d7d2a5dc1a1cde4395fd
      size: 250585
  train_model:
    cmd: PYTHONPATH=. uv run python src/models/train_model.py
    deps:
    - path: conf/config.yaml
      hash: md5
      md5: 3832a4efd6ca981da24f0722fb3faaff
      size: 1103
    - path: data/processed/wine_processed.csv
      hash: md5
      md5: be51dff919d2d7d2a5dc1a1cde4395fd
      size: 250585
    - path: src/models/train_model.py
      hash: md5
      md5: dfe61af7a25931023191fa85d3b7cd40
      size: 10782
    params:
      conf/config.yaml:
        paths.metrics: reports/metrics.json
        paths.model: models/model.pkl
        paths.processed_data: data/processed/wine_processed.csv
        train:
          random_state: 13
          test_size: 0.2
          model:
            type: logistic_regression
            logistic_regression:
              max_iter: 500
              C: 1.0
              penalty: l2
              solver: lbfgs
          mlflow:
            experiment_name: wine-quality
            run_name_prefix: baseline
            model_name: wine-quality-model
          clearml:
            project_name: wine-quality-mlops
            task_name:
    outs:
    - path: models/model.pkl
      hash: md5
      md5: 895975e077b5c7d05959423173b3ce77
      size: 1879
    - path: reports/metrics.json
      hash: md5
      md5: 13e691860c5b12a7d4dc586efe521818
      size: 902
  visualize:
    cmd: PYTHONPATH=. uv run python src/visualization/visualize.py
    deps:
    - path: conf/config.yaml
      hash: md5
      md5: 3832a4efd6ca981da24f0722fb3faaff
      size: 1103
    - path: reports/metrics.json
      hash: md5
      md5: 13e691860c5b12a7d4dc586efe521818
      size: 902
    - path: src/visualization/visualize.py
      hash: md5
      md5: a2a1e019ba7f6dae73dade42143dc60a
      size: 4983
    params:
      conf/config.yaml:
        paths.figures: reports/figures
        paths.metrics: reports/metrics.json
        visualization:
          enabled: true
    outs:
    - path: reports/figures/metrics_summary.png
      hash: md5
      md5: 46832d56c8f9902b735c49b490389a0e
      size: 25129
  compute_statistics:
    cmd: PYTHONPATH=. uv run python src/data/compute_statistics.py
    deps:
    - path: conf/config.yaml
      hash: md5
      md5: 3832a4efd6ca981da24f0722fb3faaff
      size: 1103
    - path: data/processed/wine_processed.csv
      hash: md5
      md5: be51dff919d2d7d2a5dc1a1cde4395fd
      size: 250585
    - path: src/data/compute_statistics.py
      hash: md5
      md5: 6947a9a5a6b1ec75a8da95184d8e2e70
      size: 2556
    params:
      conf/config.yaml:
        data:
          feature_scaling: true
        paths.processed_data: data/processed/wine_processed.csv
        paths.statistics: reports/statistics.json
    outs:
    - path: reports/statistics.json
      hash: md5
      md5: af3b7fa71c54f5be76c5cdbdb8507c2a
      size: 3207
