schema: '2.0'
stages:
  prepare_data:
    cmd: PYTHONPATH=. uv run python src/data/make_dataset.py
    deps:
    - path: conf/config.yaml
      hash: md5
      md5: 54b1e64446c84be5b70fbfdf7c804327
      size: 1009
    - path: data/raw/WineQT.csv
      hash: md5
      md5: e2e57e4c41e6ee0213fb12e5a70f4bfb
      size: 78057
    - path: src/data/make_dataset.py
      hash: md5
      md5: 41b703dc119c32f472f8eb380e89d11e
      size: 2158
    params:
      conf/config.yaml:
        data:
          feature_scaling: true
        paths.processed_data: data/processed/wine_processed.csv
        paths.raw_data: data/raw/WineQT.csv
    outs:
    - path: data/processed/wine_processed.csv
      hash: md5
      md5: be51dff919d2d7d2a5dc1a1cde4395fd
      size: 250585
  train_model:
    cmd: PYTHONPATH=. uv run python src/models/train_model.py
    deps:
    - path: conf/config.yaml
      hash: md5
      md5: 54b1e64446c84be5b70fbfdf7c804327
      size: 1009
    - path: data/processed/wine_processed.csv
      hash: md5
      md5: be51dff919d2d7d2a5dc1a1cde4395fd
      size: 250585
    - path: src/models/train_model.py
      hash: md5
      md5: 2c6062a49b0dd5651ea4225b74f1e609
      size: 6912
    params:
      conf/config.yaml:
        paths.metrics: reports/metrics.json
        paths.model: models/model.pkl
        paths.processed_data: data/processed/wine_processed.csv
        train:
          random_state: 13
          test_size: 0.2
          model:
            type: logistic_regression
            logistic_regression:
              max_iter: 500
              C: 1.0
              penalty: l2
              solver: lbfgs
          mlflow:
            experiment_name: wine-quality
            run_name_prefix: baseline
            model_name: wine-quality-model
    outs:
    - path: models/model.pkl
      hash: md5
      md5: 895975e077b5c7d05959423173b3ce77
      size: 1879
    - path: reports/metrics.json
      hash: md5
      md5: da6f7bc3f81ccad227437f99f0d5bbfa
      size: 902
  visualize:
    cmd: PYTHONPATH=. uv run python src/visualization/visualize.py
    deps:
    - path: conf/config.yaml
      hash: md5
      md5: 54b1e64446c84be5b70fbfdf7c804327
      size: 1009
    - path: reports/metrics.json
      hash: md5
      md5: 9f6aebd37c0a3a77284ddf6c8905fdb6
      size: 902
    - path: src/visualization/visualize.py
      hash: md5
      md5: 89816662a642cd2e742115cfdaa31645
      size: 2101
    params:
      conf/config.yaml:
        paths.figures: reports/figures
        paths.metrics: reports/metrics.json
        visualization:
          enabled: true
    outs:
    - path: reports/figures/metrics_summary.png
      hash: md5
      md5: 0d280ed289f051766c7e4e530d1b5c67
      size: 25177
  compute_statistics:
    cmd: PYTHONPATH=. uv run python src/data/compute_statistics.py
    deps:
    - path: conf/config.yaml
      hash: md5
      md5: 54b1e64446c84be5b70fbfdf7c804327
      size: 1009
    - path: data/processed/wine_processed.csv
      hash: md5
      md5: be51dff919d2d7d2a5dc1a1cde4395fd
      size: 250585
    - path: src/data/compute_statistics.py
      hash: md5
      md5: 6947a9a5a6b1ec75a8da95184d8e2e70
      size: 2556
    params:
      conf/config.yaml:
        data:
          feature_scaling: true
        paths.processed_data: data/processed/wine_processed.csv
        paths.statistics: reports/statistics.json
    outs:
    - path: reports/statistics.json
      hash: md5
      md5: af3b7fa71c54f5be76c5cdbdb8507c2a
      size: 3207
  parallel_stages:
    cmd: make -j2 parallel-stages
    deps:
    - path: Makefile
      hash: md5
      md5: b678aa50ee7f0390e11150d868011eaa
      size: 2048
    - path: conf/config.yaml
      hash: md5
      md5: 54b1e64446c84be5b70fbfdf7c804327
      size: 1009
    - path: data/processed/wine_processed.csv
      hash: md5
      md5: be51dff919d2d7d2a5dc1a1cde4395fd
      size: 250585
    - path: src/data/compute_statistics.py
      hash: md5
      md5: 6947a9a5a6b1ec75a8da95184d8e2e70
      size: 2556
    - path: src/models/train_model.py
      hash: md5
      md5: 2c6062a49b0dd5651ea4225b74f1e609
      size: 6912
    params:
      conf/config.yaml:
        data:
          feature_scaling: true
        paths:
          raw_data: data/raw/WineQT.csv
          processed_data: data/processed/wine_processed.csv
          model: models/model.pkl
          metrics: reports/metrics.json
          statistics: reports/statistics.json
          figures: reports/figures
        train:
          random_state: 13
          test_size: 0.2
          model:
            type: logistic_regression
            logistic_regression:
              max_iter: 500
              C: 1.0
              penalty: l2
              solver: lbfgs
          mlflow:
            experiment_name: wine-quality
            run_name_prefix: baseline
            model_name: wine-quality-model
    outs:
    - path: models/model.pkl
      hash: md5
      md5: 895975e077b5c7d05959423173b3ce77
      size: 1879
    - path: reports/metrics.json
      hash: md5
      md5: 9f6aebd37c0a3a77284ddf6c8905fdb6
      size: 902
    - path: reports/statistics.json
      hash: md5
      md5: af3b7fa71c54f5be76c5cdbdb8507c2a
      size: 3207
